
Microsoft Visual Studio Solution File, Format Version 12.00
# Visual Studio Version 16
VisualStudioVersion = 16.0.30611.23
MinimumVisualStudioVersion = 10.0.40219.1
Project("{8BC9CEB8-8B4A-11D0-8D11-00A0C91BC942}") = "CheckboardLocalization", "CheckboardLocalization\CheckboardLocalization.vcxproj", "{8E635A90-2ADB-4A6E-9AD2-08D9D3E92588}"
EndProject
Global
	GlobalSection(SolutionConfigurationPlatforms) = preSolution
		Debug|x64 = Debug|x64
		Debug|x86 = Debug|x86
		Release|x64 = Release|x64
		Release|x86 = Release|x86
	EndGlobalSection
	GlobalSection(ProjectConfigurationPlatforms) = postSolution
		{8E635A90-2ADB-4A6E-9AD2-08D9D3E92588}.Debug|x64.ActiveCfg = Debug|x64
		{8E635A90-2ADB-4A6E-9AD2-08D9D3E92588}.Debug|x64.Build.0 = Debug|x64
		{8E635A90-2ADB-4A6E-9AD2-08D9D3E92588}.Debug|x86.ActiveCfg = Debug|Win32
		{8E635A90-2ADB-4A6E-9AD2-08D9D3E92588}.Debug|x86.Build.0 = Debug|Win32
		{8E635A90-2ADB-4A6E-9AD2-08D9D3E92588}.Release|x64.ActiveCfg = Release|x64
		{8E635A90-2ADB-4A6E-9AD2-08D9D3E92588}.Release|x64.Build.0 = Release|x64
		{8E635A90-2ADB-4A6E-9AD2-08D9D3E92588}.Release|x86.ActiveCfg = Release|Win32
		{8E635A90-2ADB-4A6E-9AD2-08D9D3E92588}.Release|x86.Build.0 = Release|Win32
	EndGlobalSection
	GlobalSection(SolutionProperties) = preSolution
		HideSolutionNode = FALSE
	EndGlobalSection
	GlobalSection(ExtensibilityGlobals) = postSolution
		SolutionGuid = {E691F6CD-C735-4B05-97D3-254942196E23}
	EndGlobalSection
EndGlobal
